civicrm_pcp_block:
  -
    id: 9999
    supporter_profile_id:
    entity_table: civicrm_contribution_page
    entity_id: 1
    target_entity_type: contribute
    target_entity_id: 1
    owner_notify_id:
    is_approval_needed: 0
    is_tellfriend_enabled: 1
    tellfriend_limit: 1
    link_text: link
    is_active: 1
    notify_email:

  -
    id: 9998
    supporter_profile_id:
    entity_table: civicrm_event
    entity_id: 1
    target_entity_type: event
    target_entity_id: 1
    owner_notify_id:
    is_approval_needed: 0
    is_tellfriend_enabled: 1
    tellfriend_limit: 1
    link_text: link
    is_active: 1
    notify_email: